// !$*UTF8*$!
{
	archiveVersion = 1;
	classes = {
	};
	objectVersion = 56;
	objects = {

/* Begin PBXBuildFile section */
		E84670832D32F69600D64A5D /* AppDelegate.swift in Sources */ = {isa = PBXBuildFile; fileRef = E84670822D32F69600D64A5D /* AppDelegate.swift */; };
		E84670852D32F69600D64A5D /* SceneDelegate.swift in Sources */ = {isa = PBXBuildFile; fileRef = E84670842D32F69600D64A5D /* SceneDelegate.swift */; };
		E846708C2D32F69800D64A5D /* Assets.xcassets in Resources */ = {isa = PBXBuildFile; fileRef = E846708B2D32F69800D64A5D /* Assets.xcassets */; };
		E846708F2D32F69800D64A5D /* Base in Resources */ = {isa = PBXBuildFile; fileRef = E846708E2D32F69800D64A5D /* Base */; };
		E846709A2D330F0400D64A5D /* SearchVC.swift in Sources */ = {isa = PBXBuildFile; fileRef = E84670992D330F0400D64A5D /* SearchVC.swift */; };
		E846709C2D330F3800D64A5D /* FavoritesListVC.swift in Sources */ = {isa = PBXBuildFile; fileRef = E846709B2D330F3800D64A5D /* FavoritesListVC.swift */; };
		E846709E2D34FD6200D64A5D /* GFButton.swift in Sources */ = {isa = PBXBuildFile; fileRef = E846709D2D34FD6200D64A5D /* GFButton.swift */; };
		E84670A02D3501D800D64A5D /* GFTextField.swift in Sources */ = {isa = PBXBuildFile; fileRef = E846709F2D3501D800D64A5D /* GFTextField.swift */; };
		E84670A22D35226600D64A5D /* FollowerListVC.swift in Sources */ = {isa = PBXBuildFile; fileRef = E84670A12D35226600D64A5D /* FollowerListVC.swift */; };
		E84670A42D3556E000D64A5D /* GFTitleLabel.swift in Sources */ = {isa = PBXBuildFile; fileRef = E84670A32D3556E000D64A5D /* GFTitleLabel.swift */; };
		E84670A62D355B5C00D64A5D /* GFBodyLabel.swift in Sources */ = {isa = PBXBuildFile; fileRef = E84670A52D355B5C00D64A5D /* GFBodyLabel.swift */; };
		E84670A82D355C9800D64A5D /* GFAlertVC.swift in Sources */ = {isa = PBXBuildFile; fileRef = E84670A72D355C9800D64A5D /* GFAlertVC.swift */; };
		E84670AA2D3565FB00D64A5D /* UIViewController+Ext.swift in Sources */ = {isa = PBXBuildFile; fileRef = E84670A92D3565FB00D64A5D /* UIViewController+Ext.swift */; };
		E84670B12D3589CC00D64A5D /* Follower.swift in Sources */ = {isa = PBXBuildFile; fileRef = E84670B02D3589CC00D64A5D /* Follower.swift */; };
		E84670B32D358B6700D64A5D /* User.swift in Sources */ = {isa = PBXBuildFile; fileRef = E84670B22D358B6700D64A5D /* User.swift */; };
		E84670B62D359B0A00D64A5D /* NetworkManager.swift in Sources */ = {isa = PBXBuildFile; fileRef = E84670B52D359B0A00D64A5D /* NetworkManager.swift */; };
		E84670B92D35A80A00D64A5D /* ErrorMessage.swift in Sources */ = {isa = PBXBuildFile; fileRef = E84670B82D35A80A00D64A5D /* ErrorMessage.swift */; };
/* End PBXBuildFile section */

/* Begin PBXFileReference section */
		E846707F2D32F69600D64A5D /* GitHubUIKIT.app */ = {isa = PBXFileReference; explicitFileType = wrapper.application; includeInIndex = 0; path = GitHubUIKIT.app; sourceTree = BUILT_PRODUCTS_DIR; };
		E84670822D32F69600D64A5D /* AppDelegate.swift */ = {isa = PBXFileReference; lastKnownFileType = sourcecode.swift; path = AppDelegate.swift; sourceTree = "<group>"; };
		E84670842D32F69600D64A5D /* SceneDelegate.swift */ = {isa = PBXFileReference; lastKnownFileType = sourcecode.swift; path = SceneDelegate.swift; sourceTree = "<group>"; };
		E846708B2D32F69800D64A5D /* Assets.xcassets */ = {isa = PBXFileReference; lastKnownFileType = folder.assetcatalog; path = Assets.xcassets; sourceTree = "<group>"; };
		E846708E2D32F69800D64A5D /* Base */ = {isa = PBXFileReference; lastKnownFileType = file.storyboard; name = Base; path = Base.lproj/LaunchScreen.storyboard; sourceTree = "<group>"; };
		E84670902D32F69800D64A5D /* Info.plist */ = {isa = PBXFileReference; lastKnownFileType = text.plist.xml; path = Info.plist; sourceTree = "<group>"; };
		E84670992D330F0400D64A5D /* SearchVC.swift */ = {isa = PBXFileReference; lastKnownFileType = sourcecode.swift; path = SearchVC.swift; sourceTree = "<group>"; };
		E846709B2D330F3800D64A5D /* FavoritesListVC.swift */ = {isa = PBXFileReference; lastKnownFileType = sourcecode.swift; path = FavoritesListVC.swift; sourceTree = "<group>"; };
		E846709D2D34FD6200D64A5D /* GFButton.swift */ = {isa = PBXFileReference; lastKnownFileType = sourcecode.swift; path = GFButton.swift; sourceTree = "<group>"; };
		E846709F2D3501D800D64A5D /* GFTextField.swift */ = {isa = PBXFileReference; lastKnownFileType = sourcecode.swift; path = GFTextField.swift; sourceTree = "<group>"; };
		E84670A12D35226600D64A5D /* FollowerListVC.swift */ = {isa = PBXFileReference; lastKnownFileType = sourcecode.swift; path = FollowerListVC.swift; sourceTree = "<group>"; };
		E84670A32D3556E000D64A5D /* GFTitleLabel.swift */ = {isa = PBXFileReference; lastKnownFileType = sourcecode.swift; path = GFTitleLabel.swift; sourceTree = "<group>"; };
		E84670A52D355B5C00D64A5D /* GFBodyLabel.swift */ = {isa = PBXFileReference; lastKnownFileType = sourcecode.swift; path = GFBodyLabel.swift; sourceTree = "<group>"; };
		E84670A72D355C9800D64A5D /* GFAlertVC.swift */ = {isa = PBXFileReference; lastKnownFileType = sourcecode.swift; path = GFAlertVC.swift; sourceTree = "<group>"; };
		E84670A92D3565FB00D64A5D /* UIViewController+Ext.swift */ = {isa = PBXFileReference; lastKnownFileType = sourcecode.swift; path = "UIViewController+Ext.swift"; sourceTree = "<group>"; };
		E84670B02D3589CC00D64A5D /* Follower.swift */ = {isa = PBXFileReference; lastKnownFileType = sourcecode.swift; path = Follower.swift; sourceTree = "<group>"; };
		E84670B22D358B6700D64A5D /* User.swift */ = {isa = PBXFileReference; lastKnownFileType = sourcecode.swift; path = User.swift; sourceTree = "<group>"; };
		E84670B52D359B0A00D64A5D /* NetworkManager.swift */ = {isa = PBXFileReference; lastKnownFileType = sourcecode.swift; path = NetworkManager.swift; sourceTree = "<group>"; };
		E84670B82D35A80A00D64A5D /* ErrorMessage.swift */ = {isa = PBXFileReference; lastKnownFileType = sourcecode.swift; path = ErrorMessage.swift; sourceTree = "<group>"; };
/* End PBXFileReference section */

/* Begin PBXFrameworksBuildPhase section */
		E846707C2D32F69600D64A5D /* Frameworks */ = {
			isa = PBXFrameworksBuildPhase;
			buildActionMask = 2147483647;
			files = (
			);
			runOnlyForDeploymentPostprocessing = 0;
		};
/* End PBXFrameworksBuildPhase section */

/* Begin PBXGroup section */
		E84670762D32F69600D64A5D = {
			isa = PBXGroup;
			children = (
				E84670812D32F69600D64A5D /* GitHubUIKIT */,
				E84670802D32F69600D64A5D /* Products */,
			);
			sourceTree = "<group>";
		};
		E84670802D32F69600D64A5D /* Products */ = {
			isa = PBXGroup;
			children = (
				E846707F2D32F69600D64A5D /* GitHubUIKIT.app */,
			);
			name = Products;
			sourceTree = "<group>";
		};
		E84670812D32F69600D64A5D /* GitHubUIKIT */ = {
			isa = PBXGroup;
			children = (
				E84670B72D35A7F400D64A5D /* Utilities */,
				E84670B42D359AFB00D64A5D /* Managers */,
				E84670AF2D3589BF00D64A5D /* Model */,
				E84670902D32F69800D64A5D /* Info.plist */,
				E84670AE2D35747900D64A5D /* Support */,
				E84670AD2D35742D00D64A5D /* Extension */,
				E84670AC2D3573F300D64A5D /* CustomViews */,
				E84670AB2D3573C500D64A5D /* Screens */,
			);
			path = GitHubUIKIT;
			sourceTree = "<group>";
		};
		E84670AB2D3573C500D64A5D /* Screens */ = {
			isa = PBXGroup;
			children = (
				E846709B2D330F3800D64A5D /* FavoritesListVC.swift */,
				E84670A12D35226600D64A5D /* FollowerListVC.swift */,
				E84670992D330F0400D64A5D /* SearchVC.swift */,
			);
			path = Screens;
			sourceTree = "<group>";
		};
		E84670AC2D3573F300D64A5D /* CustomViews */ = {
			isa = PBXGroup;
			children = (
				E846709D2D34FD6200D64A5D /* GFButton.swift */,
				E84670A72D355C9800D64A5D /* GFAlertVC.swift */,
				E84670A32D3556E000D64A5D /* GFTitleLabel.swift */,
				E84670A52D355B5C00D64A5D /* GFBodyLabel.swift */,
				E846709F2D3501D800D64A5D /* GFTextField.swift */,
			);
			path = CustomViews;
			sourceTree = "<group>";
		};
		E84670AD2D35742D00D64A5D /* Extension */ = {
			isa = PBXGroup;
			children = (
				E84670A92D3565FB00D64A5D /* UIViewController+Ext.swift */,
			);
			path = Extension;
			sourceTree = "<group>";
		};
		E84670AE2D35747900D64A5D /* Support */ = {
			isa = PBXGroup;
			children = (
				E84670822D32F69600D64A5D /* AppDelegate.swift */,
				E84670842D32F69600D64A5D /* SceneDelegate.swift */,
				E846708B2D32F69800D64A5D /* Assets.xcassets */,
				E846708D2D32F69800D64A5D /* LaunchScreen.storyboard */,
			);
			path = Support;
			sourceTree = "<group>";
		};
		E84670AF2D3589BF00D64A5D /* Model */ = {
			isa = PBXGroup;
			children = (
				E84670B02D3589CC00D64A5D /* Follower.swift */,
				E84670B22D358B6700D64A5D /* User.swift */,
			);
			path = Model;
			sourceTree = "<group>";
		};
		E84670B42D359AFB00D64A5D /* Managers */ = {
			isa = PBXGroup;
			children = (
				E84670B52D359B0A00D64A5D /* NetworkManager.swift */,
			);
			path = Managers;
			sourceTree = "<group>";
		};
		E84670B72D35A7F400D64A5D /* Utilities */ = {
			isa = PBXGroup;
			children = (
				E84670B82D35A80A00D64A5D /* ErrorMessage.swift */,
			);
			path = Utilities;
			sourceTree = "<group>";
		};
/* End PBXGroup section */

/* Begin PBXNativeTarget section */
		E846707E2D32F69600D64A5D /* GitHubUIKIT */ = {
			isa = PBXNativeTarget;
			buildConfigurationList = E84670932D32F69800D64A5D /* Build configuration list for PBXNativeTarget "GitHubUIKIT" */;
			buildPhases = (
				E846707B2D32F69600D64A5D /* Sources */,
				E846707C2D32F69600D64A5D /* Frameworks */,
				E846707D2D32F69600D64A5D /* Resources */,
			);
			buildRules = (
			);
			dependencies = (
				E84670982D32F78300D64A5D /* PBXTargetDependency */,
			);
			name = GitHubUIKIT;
			productName = GitHubUIKIT;
			productReference = E846707F2D32F69600D64A5D /* GitHubUIKIT.app */;
			productType = "com.apple.product-type.application";
		};
/* End PBXNativeTarget section */

/* Begin PBXProject section */
		E84670772D32F69600D64A5D /* Project object */ = {
			isa = PBXProject;
			attributes = {
				BuildIndependentTargetsInParallel = 1;
				LastSwiftUpdateCheck = 1540;
				LastUpgradeCheck = 1540;
				TargetAttributes = {
					E846707E2D32F69600D64A5D = {
						CreatedOnToolsVersion = 15.4;
					};
				};
			};
			buildConfigurationList = E846707A2D32F69600D64A5D /* Build configuration list for PBXProject "GitHubUIKIT" */;
			compatibilityVersion = "Xcode 14.0";
			developmentRegion = en;
			hasScannedForEncodings = 0;
			knownRegions = (
				en,
				Base,
			);
			mainGroup = E84670762D32F69600D64A5D;
			packageReferences = (
				E84670962D32F75C00D64A5D /* XCRemoteSwiftPackageReference "SwiftLintPlugins" */,
			);
			productRefGroup = E84670802D32F69600D64A5D /* Products */;
			projectDirPath = "";
			projectRoot = "";
			targets = (
				E846707E2D32F69600D64A5D /* GitHubUIKIT */,
			);
		};
/* End PBXProject section */

/* Begin PBXResourcesBuildPhase section */
		E846707D2D32F69600D64A5D /* Resources */ = {
			isa = PBXResourcesBuildPhase;
			buildActionMask = 2147483647;
			files = (
				E846708C2D32F69800D64A5D /* Assets.xcassets in Resources */,
				E846708F2D32F69800D64A5D /* Base in Resources */,
			);
			runOnlyForDeploymentPostprocessing = 0;
		};
/* End PBXResourcesBuildPhase section */

/* Begin PBXSourcesBuildPhase section */
		E846707B2D32F69600D64A5D /* Sources */ = {
			isa = PBXSourcesBuildPhase;
			buildActionMask = 2147483647;
			files = (
				E84670B32D358B6700D64A5D /* User.swift in Sources */,
				E84670A02D3501D800D64A5D /* GFTextField.swift in Sources */,
				E846709C2D330F3800D64A5D /* FavoritesListVC.swift in Sources */,
				E846709E2D34FD6200D64A5D /* GFButton.swift in Sources */,
				E84670AA2D3565FB00D64A5D /* UIViewController+Ext.swift in Sources */,
				E846709A2D330F0400D64A5D /* SearchVC.swift in Sources */,
				E84670A82D355C9800D64A5D /* GFAlertVC.swift in Sources */,
				E84670B92D35A80A00D64A5D /* ErrorMessage.swift in Sources */,
				E84670A62D355B5C00D64A5D /* GFBodyLabel.swift in Sources */,
				E84670B12D3589CC00D64A5D /* Follower.swift in Sources */,
				E84670A42D3556E000D64A5D /* GFTitleLabel.swift in Sources */,
				E84670B62D359B0A00D64A5D /* NetworkManager.swift in Sources */,
				E84670A22D35226600D64A5D /* FollowerListVC.swift in Sources */,
				E84670832D32F69600D64A5D /* AppDelegate.swift in Sources */,
				E84670852D32F69600D64A5D /* SceneDelegate.swift in Sources */,
			);
			runOnlyForDeploymentPostprocessing = 0;
		};
/* End PBXSourcesBuildPhase section */

/* Begin PBXTargetDependency section */
		E84670982D32F78300D64A5D /* PBXTargetDependency */ = {
			isa = PBXTargetDependency;
			productRef = E84670972D32F78300D64A5D /* SwiftLintBuildToolPlugin */;
		};
/* End PBXTargetDependency section */

/* Begin PBXVariantGroup section */
		E846708D2D32F69800D64A5D /* LaunchScreen.storyboard */ = {
			isa = PBXVariantGroup;
			children = (
				E846708E2D32F69800D64A5D /* Base */,
			);
			name = LaunchScreen.storyboard;
			sourceTree = "<group>";
		};
/* End PBXVariantGroup section */

/* Begin XCBuildConfiguration section */
		E84670912D32F69800D64A5D /* Debug */ = {
			isa = XCBuildConfiguration;
			buildSettings = {
				ALWAYS_SEARCH_USER_PATHS = NO;
				ASSETCATALOG_COMPILER_GENERATE_SWIFT_ASSET_SYMBOL_EXTENSIONS = YES;
				CLANG_ANALYZER_NONNULL = YES;
				CLANG_ANALYZER_NUMBER_OBJECT_CONVERSION = YES_AGGRESSIVE;
				CLANG_CXX_LANGUAGE_STANDARD = "gnu++20";
				CLANG_ENABLE_MODULES = YES;
				CLANG_ENABLE_OBJC_ARC = YES;
				CLANG_ENABLE_OBJC_WEAK = YES;
				CLANG_WARN_BLOCK_CAPTURE_AUTORELEASING = YES;
				CLANG_WARN_BOOL_CONVERSION = YES;
				CLANG_WARN_COMMA = YES;
				CLANG_WARN_CONSTANT_CONVERSION = YES;
				CLANG_WARN_DEPRECATED_OBJC_IMPLEMENTATIONS = YES;
				CLANG_WARN_DIRECT_OBJC_ISA_USAGE = YES_ERROR;
				CLANG_WARN_DOCUMENTATION_COMMENTS = YES;
				CLANG_WARN_EMPTY_BODY = YES;
				CLANG_WARN_ENUM_CONVERSION = YES;
				CLANG_WARN_INFINITE_RECURSION = YES;
				CLANG_WARN_INT_CONVERSION = YES;
				CLANG_WARN_NON_LITERAL_NULL_CONVERSION = YES;
				CLANG_WARN_OBJC_IMPLICIT_RETAIN_SELF = YES;
				CLANG_WARN_OBJC_LITERAL_CONVERSION = YES;
				CLANG_WARN_OBJC_ROOT_CLASS = YES_ERROR;
				CLANG_WARN_QUOTED_INCLUDE_IN_FRAMEWORK_HEADER = YES;
				CLANG_WARN_RANGE_LOOP_ANALYSIS = YES;
				CLANG_WARN_STRICT_PROTOTYPES = YES;
				CLANG_WARN_SUSPICIOUS_MOVE = YES;
				CLANG_WARN_UNGUARDED_AVAILABILITY = YES_AGGRESSIVE;
				CLANG_WARN_UNREACHABLE_CODE = YES;
				CLANG_WARN__DUPLICATE_METHOD_MATCH = YES;
				COPY_PHASE_STRIP = NO;
				DEBUG_INFORMATION_FORMAT = dwarf;
				ENABLE_STRICT_OBJC_MSGSEND = YES;
				ENABLE_TESTABILITY = YES;
				ENABLE_USER_SCRIPT_SANDBOXING = YES;
				GCC_C_LANGUAGE_STANDARD = gnu17;
				GCC_DYNAMIC_NO_PIC = NO;
				GCC_NO_COMMON_BLOCKS = YES;
				GCC_OPTIMIZATION_LEVEL = 0;
				GCC_PREPROCESSOR_DEFINITIONS = (
					"DEBUG=1",
					"$(inherited)",
				);
				GCC_WARN_64_TO_32_BIT_CONVERSION = YES;
				GCC_WARN_ABOUT_RETURN_TYPE = YES_ERROR;
				GCC_WARN_UNDECLARED_SELECTOR = YES;
				GCC_WARN_UNINITIALIZED_AUTOS = YES_AGGRESSIVE;
				GCC_WARN_UNUSED_FUNCTION = YES;
				GCC_WARN_UNUSED_VARIABLE = YES;
				IPHONEOS_DEPLOYMENT_TARGET = 17.5;
				LOCALIZATION_PREFERS_STRING_CATALOGS = YES;
				MTL_ENABLE_DEBUG_INFO = INCLUDE_SOURCE;
				MTL_FAST_MATH = YES;
				ONLY_ACTIVE_ARCH = YES;
				SDKROOT = iphoneos;
				SWIFT_ACTIVE_COMPILATION_CONDITIONS = "DEBUG $(inherited)";
				SWIFT_OPTIMIZATION_LEVEL = "-Onone";
			};
			name = Debug;
		};
		E84670922D32F69800D64A5D /* Release */ = {
			isa = XCBuildConfiguration;
			buildSettings = {
				ALWAYS_SEARCH_USER_PATHS = NO;
				ASSETCATALOG_COMPILER_GENERATE_SWIFT_ASSET_SYMBOL_EXTENSIONS = YES;
				CLANG_ANALYZER_NONNULL = YES;
				CLANG_ANALYZER_NUMBER_OBJECT_CONVERSION = YES_AGGRESSIVE;
				CLANG_CXX_LANGUAGE_STANDARD = "gnu++20";
				CLANG_ENABLE_MODULES = YES;
				CLANG_ENABLE_OBJC_ARC = YES;
				CLANG_ENABLE_OBJC_WEAK = YES;
				CLANG_WARN_BLOCK_CAPTURE_AUTORELEASING = YES;
				CLANG_WARN_BOOL_CONVERSION = YES;
				CLANG_WARN_COMMA = YES;
				CLANG_WARN_CONSTANT_CONVERSION = YES;
				CLANG_WARN_DEPRECATED_OBJC_IMPLEMENTATIONS = YES;
				CLANG_WARN_DIRECT_OBJC_ISA_USAGE = YES_ERROR;
				CLANG_WARN_DOCUMENTATION_COMMENTS = YES;
				CLANG_WARN_EMPTY_BODY = YES;
				CLANG_WARN_ENUM_CONVERSION = YES;
				CLANG_WARN_INFINITE_RECURSION = YES;
				CLANG_WARN_INT_CONVERSION = YES;
				CLANG_WARN_NON_LITERAL_NULL_CONVERSION = YES;
				CLANG_WARN_OBJC_IMPLICIT_RETAIN_SELF = YES;
				CLANG_WARN_OBJC_LITERAL_CONVERSION = YES;
				CLANG_WARN_OBJC_ROOT_CLASS = YES_ERROR;
				CLANG_WARN_QUOTED_INCLUDE_IN_FRAMEWORK_HEADER = YES;
				CLANG_WARN_RANGE_LOOP_ANALYSIS = YES;
				CLANG_WARN_STRICT_PROTOTYPES = YES;
				CLANG_WARN_SUSPICIOUS_MOVE = YES;
				CLANG_WARN_UNGUARDED_AVAILABILITY = YES_AGGRESSIVE;
				CLANG_WARN_UNREACHABLE_CODE = YES;
				CLANG_WARN__DUPLICATE_METHOD_MATCH = YES;
				COPY_PHASE_STRIP = NO;
				DEBUG_INFORMATION_FORMAT = "dwarf-with-dsym";
				ENABLE_NS_ASSERTIONS = NO;
				ENABLE_STRICT_OBJC_MSGSEND = YES;
				ENABLE_USER_SCRIPT_SANDBOXING = YES;
				GCC_C_LANGUAGE_STANDARD = gnu17;
				GCC_NO_COMMON_BLOCKS = YES;
				GCC_WARN_64_TO_32_BIT_CONVERSION = YES;
				GCC_WARN_ABOUT_RETURN_TYPE = YES_ERROR;
				GCC_WARN_UNDECLARED_SELECTOR = YES;
				GCC_WARN_UNINITIALIZED_AUTOS = YES_AGGRESSIVE;
				GCC_WARN_UNUSED_FUNCTION = YES;
				GCC_WARN_UNUSED_VARIABLE = YES;
				IPHONEOS_DEPLOYMENT_TARGET = 17.5;
				LOCALIZATION_PREFERS_STRING_CATALOGS = YES;
				MTL_ENABLE_DEBUG_INFO = NO;
				MTL_FAST_MATH = YES;
				SDKROOT = iphoneos;
				SWIFT_COMPILATION_MODE = wholemodule;
				VALIDATE_PRODUCT = YES;
			};
			name = Release;
		};
		E84670942D32F69800D64A5D /* Debug */ = {
			isa = XCBuildConfiguration;
			buildSettings = {
				ASSETCATALOG_COMPILER_APPICON_NAME = AppIcon;
				ASSETCATALOG_COMPILER_GLOBAL_ACCENT_COLOR_NAME = AccentColor;
				CODE_SIGN_STYLE = Automatic;
				CURRENT_PROJECT_VERSION = 1;
				DEVELOPMENT_TEAM = 36N72Y7M5U;
				GENERATE_INFOPLIST_FILE = YES;
				INFOPLIST_FILE = GitHubUIKIT/Info.plist;
				INFOPLIST_KEY_UIApplicationSupportsIndirectInputEvents = YES;
				INFOPLIST_KEY_UILaunchStoryboardName = LaunchScreen;
				INFOPLIST_KEY_UISupportedInterfaceOrientations_iPad = "UIInterfaceOrientationPortrait UIInterfaceOrientationPortraitUpsideDown UIInterfaceOrientationLandscapeLeft UIInterfaceOrientationLandscapeRight";
				INFOPLIST_KEY_UISupportedInterfaceOrientations_iPhone = "UIInterfaceOrientationPortrait UIInterfaceOrientationLandscapeLeft UIInterfaceOrientationLandscapeRight";
				LD_RUNPATH_SEARCH_PATHS = (
					"$(inherited)",
					"@executable_path/Frameworks",
				);
				MARKETING_VERSION = 1.0;
				PRODUCT_BUNDLE_IDENTIFIER = testplay.GitHubUIKIT;
				PRODUCT_NAME = "$(TARGET_NAME)";
				SWIFT_EMIT_LOC_STRINGS = YES;
				SWIFT_VERSION = 5.0;
				TARGETED_DEVICE_FAMILY = "1,2";
			};
			name = Debug;
		};
		E84670952D32F69800D64A5D /* Release */ = {
			isa = XCBuildConfiguration;
			buildSettings = {
				ASSETCATALOG_COMPILER_APPICON_NAME = AppIcon;
				ASSETCATALOG_COMPILER_GLOBAL_ACCENT_COLOR_NAME = AccentColor;
				CODE_SIGN_STYLE = Automatic;
				CURRENT_PROJECT_VERSION = 1;
				DEVELOPMENT_TEAM = 36N72Y7M5U;
				GENERATE_INFOPLIST_FILE = YES;
				INFOPLIST_FILE = GitHubUIKIT/Info.plist;
				INFOPLIST_KEY_UIApplicationSupportsIndirectInputEvents = YES;
				INFOPLIST_KEY_UILaunchStoryboardName = LaunchScreen;
				INFOPLIST_KEY_UISupportedInterfaceOrientations_iPad = "UIInterfaceOrientationPortrait UIInterfaceOrientationPortraitUpsideDown UIInterfaceOrientationLandscapeLeft UIInterfaceOrientationLandscapeRight";
				INFOPLIST_KEY_UISupportedInterfaceOrientations_iPhone = "UIInterfaceOrientationPortrait UIInterfaceOrientationLandscapeLeft UIInterfaceOrientationLandscapeRight";
				LD_RUNPATH_SEARCH_PATHS = (
					"$(inherited)",
					"@executable_path/Frameworks",
				);
				MARKETING_VERSION = 1.0;
				PRODUCT_BUNDLE_IDENTIFIER = testplay.GitHubUIKIT;
				PRODUCT_NAME = "$(TARGET_NAME)";
				SWIFT_EMIT_LOC_STRINGS = YES;
				SWIFT_VERSION = 5.0;
				TARGETED_DEVICE_FAMILY = "1,2";
			};
			name = Release;
		};
/* End XCBuildConfiguration section */

/* Begin XCConfigurationList section */
		E846707A2D32F69600D64A5D /* Build configuration list for PBXProject "GitHubUIKIT" */ = {
			isa = XCConfigurationList;
			buildConfigurations = (
				E84670912D32F69800D64A5D /* Debug */,
				E84670922D32F69800D64A5D /* Release */,
			);
			defaultConfigurationIsVisible = 0;
			defaultConfigurationName = Release;
		};
		E84670932D32F69800D64A5D /* Build configuration list for PBXNativeTarget "GitHubUIKIT" */ = {
			isa = XCConfigurationList;
			buildConfigurations = (
				E84670942D32F69800D64A5D /* Debug */,
				E84670952D32F69800D64A5D /* Release */,
			);
			defaultConfigurationIsVisible = 0;
			defaultConfigurationName = Release;
		};
/* End XCConfigurationList section */

/* Begin XCRemoteSwiftPackageReference section */
		E84670962D32F75C00D64A5D /* XCRemoteSwiftPackageReference "SwiftLintPlugins" */ = {
			isa = XCRemoteSwiftPackageReference;
			repositoryURL = "https://github.com/SimplyDanny/SwiftLintPlugins";
			requirement = {
				kind = upToNextMajorVersion;
				minimumVersion = 0.57.1;
			};
		};
/* End XCRemoteSwiftPackageReference section */

/* Begin XCSwiftPackageProductDependency section */
		E84670972D32F78300D64A5D /* SwiftLintBuildToolPlugin */ = {
			isa = XCSwiftPackageProductDependency;
			package = E84670962D32F75C00D64A5D /* XCRemoteSwiftPackageReference "SwiftLintPlugins" */;
			productName = "plugin:SwiftLintBuildToolPlugin";
		};
/* End XCSwiftPackageProductDependency section */
	};
	rootObject = E84670772D32F69600D64A5D /* Project object */;
}
